// !$*UTF8*$!
{
	archiveVersion = 1;
	classes = {
	};
	objectVersion = 77;
	objects = {

/* Begin PBXBuildFile section */
		970E71222E1B3DCF001296C8 /* frameworkGridView.swift in Sources */ = {isa = PBXBuildFile; fileRef = 970E711A2E1B3DCF001296C8 /* frameworkGridView.swift */; };
		970E71232E1B3DCF001296C8 /* framework.swift in Sources */ = {isa = PBXBuildFile; fileRef = 970E71182E1B3DCF001296C8 /* framework.swift */; };
		970E71242E1B3DCF001296C8 /* frameworkGridViewModel.swift in Sources */ = {isa = PBXBuildFile; fileRef = 970E711B2E1B3DCF001296C8 /* frameworkGridViewModel.swift */; };
		970E71252E1B3DCF001296C8 /* afButton.swift in Sources */ = {isa = PBXBuildFile; fileRef = 970E71162E1B3DCF001296C8 /* afButton.swift */; };
		970E71272E1B3DCF001296C8 /* frameworks_appApp.swift in Sources */ = {isa = PBXBuildFile; fileRef = 970E711C2E1B3DCF001296C8 /* frameworks_appApp.swift */; };
		970E71282E1B3DCF001296C8 /* frameworkDetailsView.swift in Sources */ = {isa = PBXBuildFile; fileRef = 970E71192E1B3DCF001296C8 /* frameworkDetailsView.swift */; };
		970E71292E1B3DCF001296C8 /* Preview Assets.xcassets in Resources */ = {isa = PBXBuildFile; fileRef = 970E71202E1B3DCF001296C8 /* Preview Assets.xcassets */; };
		970E712A2E1B3DCF001296C8 /* Assets.xcassets in Resources */ = {isa = PBXBuildFile; fileRef = 970E71172E1B3DCF001296C8 /* Assets.xcassets */; };
/* End PBXBuildFile section */

/* Begin PBXFileReference section */
		9703217E2E16014400313C2E /* frameworks-app.app */ = {isa = PBXFileReference; explicitFileType = wrapper.application; includeInIndex = 0; path = "frameworks-app.app"; sourceTree = BUILT_PRODUCTS_DIR; };
		970E71162E1B3DCF001296C8 /* afButton.swift */ = {isa = PBXFileReference; lastKnownFileType = sourcecode.swift; path = afButton.swift; sourceTree = "<group>"; };
		970E71172E1B3DCF001296C8 /* Assets.xcassets */ = {isa = PBXFileReference; lastKnownFileType = folder.assetcatalog; path = Assets.xcassets; sourceTree = "<group>"; };
		970E71182E1B3DCF001296C8 /* framework.swift */ = {isa = PBXFileReference; lastKnownFileType = sourcecode.swift; path = framework.swift; sourceTree = "<group>"; };
		970E71192E1B3DCF001296C8 /* frameworkDetailsView.swift */ = {isa = PBXFileReference; lastKnownFileType = sourcecode.swift; path = frameworkDetailsView.swift; sourceTree = "<group>"; };
		970E711A2E1B3DCF001296C8 /* frameworkGridView.swift */ = {isa = PBXFileReference; lastKnownFileType = sourcecode.swift; path = frameworkGridView.swift; sourceTree = "<group>"; };
		970E711B2E1B3DCF001296C8 /* frameworkGridViewModel.swift */ = {isa = PBXFileReference; lastKnownFileType = sourcecode.swift; path = frameworkGridViewModel.swift; sourceTree = "<group>"; };
		970E711C2E1B3DCF001296C8 /* frameworks_appApp.swift */ = {isa = PBXFileReference; lastKnownFileType = sourcecode.swift; path = frameworks_appApp.swift; sourceTree = "<group>"; };
		970E71202E1B3DCF001296C8 /* Preview Assets.xcassets */ = {isa = PBXFileReference; lastKnownFileType = folder.assetcatalog; path = "Preview Assets.xcassets"; sourceTree = "<group>"; };
/* End PBXFileReference section */

/* Begin PBXFrameworksBuildPhase section */
		9703217B2E16014400313C2E /* Frameworks */ = {
			isa = PBXFrameworksBuildPhase;
			buildActionMask = 2147483647;
			files = (
			);
			runOnlyForDeploymentPostprocessing = 0;
		};
/* End PBXFrameworksBuildPhase section */

/* Begin PBXGroup section */
		970321752E16014400313C2E = {
			isa = PBXGroup;
			children = (
				970E711D2E1B3DCF001296C8 /* frameworks-app */,
				9703217F2E16014400313C2E /* Products */,
			);
			sourceTree = "<group>";
		};
		9703217F2E16014400313C2E /* Products */ = {
			isa = PBXGroup;
			children = (
				9703217E2E16014400313C2E /* frameworks-app.app */,
			);
			name = Products;
			sourceTree = "<group>";
		};
		970E711D2E1B3DCF001296C8 /* frameworks-app */ = {
			isa = PBXGroup;
			children = (
				970E713B2E1B3EB1001296C8 /* Model */,
				970E71372E1B3E7B001296C8 /* Screens */,
				970E71362E1B3E64001296C8 /* Views */,
				970E71212E1B3DCF001296C8 /* Preview Content */,
				970E71172E1B3DCF001296C8 /* Assets.xcassets */,
				970E711C2E1B3DCF001296C8 /* frameworks_appApp.swift */,
			);
			path = "frameworks-app";
			sourceTree = "<group>";
		};
		970E71212E1B3DCF001296C8 /* Preview Content */ = {
			isa = PBXGroup;
			children = (
				970E71202E1B3DCF001296C8 /* Preview Assets.xcassets */,
			);
			path = "Preview Content";
			sourceTree = "<group>";
		};
		970E71362E1B3E64001296C8 /* Views */ = {
			isa = PBXGroup;
			children = (
				970E713A2E1B3E9E001296C8 /* Buttons */,
			);
			path = Views;
			sourceTree = "<group>";
		};
		970E71372E1B3E7B001296C8 /* Screens */ = {
			isa = PBXGroup;
			children = (
				970E71392E1B3E93001296C8 /* FrameworkDetailsView */,
				970E71382E1B3E82001296C8 /* FrameworkGridView */,
			);
			path = Screens;
			sourceTree = "<group>";
		};
		970E71382E1B3E82001296C8 /* FrameworkGridView */ = {
			isa = PBXGroup;
			children = (
				970E711A2E1B3DCF001296C8 /* frameworkGridView.swift */,
				970E711B2E1B3DCF001296C8 /* frameworkGridViewModel.swift */,
			);
			path = FrameworkGridView;
			sourceTree = "<group>";
		};
		970E71392E1B3E93001296C8 /* FrameworkDetailsView */ = {
			isa = PBXGroup;
			children = (
				970E71192E1B3DCF001296C8 /* frameworkDetailsView.swift */,
			);
			path = FrameworkDetailsView;
			sourceTree = "<group>";
		};
		970E713A2E1B3E9E001296C8 /* Buttons */ = {
			isa = PBXGroup;
			children = (
				970E71162E1B3DCF001296C8 /* afButton.swift */,
			);
			path = Buttons;
			sourceTree = "<group>";
		};
		970E713B2E1B3EB1001296C8 /* Model */ = {
			isa = PBXGroup;
			children = (
				970E71182E1B3DCF001296C8 /* framework.swift */,
			);
			path = Model;
			sourceTree = "<group>";
		};
/* End PBXGroup section */

/* Begin PBXNativeTarget section */
		9703217D2E16014400313C2E /* frameworks-app */ = {
			isa = PBXNativeTarget;
			buildConfigurationList = 9703218C2E16014500313C2E /* Build configuration list for PBXNativeTarget "frameworks-app" */;
			buildPhases = (
				9703217A2E16014400313C2E /* Sources */,
				9703217B2E16014400313C2E /* Frameworks */,
				9703217C2E16014400313C2E /* Resources */,
			);
			buildRules = (
			);
			dependencies = (
			);
			name = "frameworks-app";
			packageProductDependencies = (
			);
			productName = "frameworks-app";
			productReference = 9703217E2E16014400313C2E /* frameworks-app.app */;
			productType = "com.apple.product-type.application";
		};
/* End PBXNativeTarget section */

/* Begin PBXProject section */
		970321762E16014400313C2E /* Project object */ = {
			isa = PBXProject;
			attributes = {
				BuildIndependentTargetsInParallel = 1;
				LastSwiftUpdateCheck = 1600;
				LastUpgradeCheck = 1600;
				TargetAttributes = {
					9703217D2E16014400313C2E = {
						CreatedOnToolsVersion = 16.0;
						LastSwiftMigration = 1600;
					};
				};
			};
			buildConfigurationList = 970321792E16014400313C2E /* Build configuration list for PBXProject "frameworks-app" */;
			developmentRegion = en;
			hasScannedForEncodings = 0;
			knownRegions = (
				en,
				Base,
			);
			mainGroup = 970321752E16014400313C2E;
			minimizedProjectReferenceProxies = 1;
			preferredProjectObjectVersion = 77;
			productRefGroup = 9703217F2E16014400313C2E /* Products */;
			projectDirPath = "";
			projectRoot = "";
			targets = (
				9703217D2E16014400313C2E /* frameworks-app */,
			);
		};
/* End PBXProject section */

/* Begin PBXResourcesBuildPhase section */
		9703217C2E16014400313C2E /* Resources */ = {
			isa = PBXResourcesBuildPhase;
			buildActionMask = 2147483647;
			files = (
				970E71292E1B3DCF001296C8 /* Preview Assets.xcassets in Resources */,
				970E712A2E1B3DCF001296C8 /* Assets.xcassets in Resources */,
			);
			runOnlyForDeploymentPostprocessing = 0;
		};
/* End PBXResourcesBuildPhase section */

/* Begin PBXSourcesBuildPhase section */
		9703217A2E16014400313C2E /* Sources */ = {
			isa = PBXSourcesBuildPhase;
			buildActionMask = 2147483647;
			files = (
				970E71222E1B3DCF001296C8 /* frameworkGridView.swift in Sources */,
				970E71232E1B3DCF001296C8 /* framework.swift in Sources */,
				970E71242E1B3DCF001296C8 /* frameworkGridViewModel.swift in Sources */,
				970E71252E1B3DCF001296C8 /* afButton.swift in Sources */,
				970E71272E1B3DCF001296C8 /* frameworks_appApp.swift in Sources */,
				970E71282E1B3DCF001296C8 /* frameworkDetailsView.swift in Sources */,
			);
			runOnlyForDeploymentPostprocessing = 0;
		};
/* End PBXSourcesBuildPhase section */

/* Begin XCBuildConfiguration section */
		9703218A2E16014500313C2E /* Debug */ = {
			isa = XCBuildConfiguration;
			buildSettings = {
				ALWAYS_SEARCH_USER_PATHS = NO;
				ASSETCATALOG_COMPILER_GENERATE_SWIFT_ASSET_SYMBOL_EXTENSIONS = YES;
				CLANG_ANALYZER_NONNULL = YES;
				CLANG_ANALYZER_NUMBER_OBJECT_CONVERSION = YES_AGGRESSIVE;
				CLANG_CXX_LANGUAGE_STANDARD = "gnu++20";
				CLANG_ENABLE_MODULES = YES;
				CLANG_ENABLE_OBJC_ARC = YES;
				CLANG_ENABLE_OBJC_WEAK = YES;
				CLANG_WARN_BLOCK_CAPTURE_AUTORELEASING = YES;
				CLANG_WARN_BOOL_CONVERSION = YES;
				CLANG_WARN_COMMA = YES;
				CLANG_WARN_CONSTANT_CONVERSION = YES;
				CLANG_WARN_DEPRECATED_OBJC_IMPLEMENTATIONS = YES;
				CLANG_WARN_DIRECT_OBJC_ISA_USAGE = YES_ERROR;
				CLANG_WARN_DOCUMENTATION_COMMENTS = YES;
				CLANG_WARN_EMPTY_BODY = YES;
				CLANG_WARN_ENUM_CONVERSION = YES;
				CLANG_WARN_INFINITE_RECURSION = YES;
				CLANG_WARN_INT_CONVERSION = YES;
				CLANG_WARN_NON_LITERAL_NULL_CONVERSION = YES;
				CLANG_WARN_OBJC_IMPLICIT_RETAIN_SELF = YES;
				CLANG_WARN_OBJC_LITERAL_CONVERSION = YES;
				CLANG_WARN_OBJC_ROOT_CLASS = YES_ERROR;
				CLANG_WARN_QUOTED_INCLUDE_IN_FRAMEWORK_HEADER = YES;
				CLANG_WARN_RANGE_LOOP_ANALYSIS = YES;
				CLANG_WARN_STRICT_PROTOTYPES = YES;
				CLANG_WARN_SUSPICIOUS_MOVE = YES;
				CLANG_WARN_UNGUARDED_AVAILABILITY = YES_AGGRESSIVE;
				CLANG_WARN_UNREACHABLE_CODE = YES;
				CLANG_WARN__DUPLICATE_METHOD_MATCH = YES;
				COPY_PHASE_STRIP = NO;
				DEBUG_INFORMATION_FORMAT = dwarf;
				ENABLE_STRICT_OBJC_MSGSEND = YES;
				ENABLE_TESTABILITY = YES;
				ENABLE_USER_SCRIPT_SANDBOXING = YES;
				GCC_C_LANGUAGE_STANDARD = gnu17;
				GCC_DYNAMIC_NO_PIC = NO;
				GCC_NO_COMMON_BLOCKS = YES;
				GCC_OPTIMIZATION_LEVEL = 0;
				GCC_PREPROCESSOR_DEFINITIONS = (
					"DEBUG=1",
					"$(inherited)",
				);
				GCC_WARN_64_TO_32_BIT_CONVERSION = YES;
				GCC_WARN_ABOUT_RETURN_TYPE = YES_ERROR;
				GCC_WARN_UNDECLARED_SELECTOR = YES;
				GCC_WARN_UNINITIALIZED_AUTOS = YES_AGGRESSIVE;
				GCC_WARN_UNUSED_FUNCTION = YES;
				GCC_WARN_UNUSED_VARIABLE = YES;
				IPHONEOS_DEPLOYMENT_TARGET = 18.0;
				LOCALIZATION_PREFERS_STRING_CATALOGS = YES;
				MTL_ENABLE_DEBUG_INFO = INCLUDE_SOURCE;
				MTL_FAST_MATH = YES;
				ONLY_ACTIVE_ARCH = YES;
				SDKROOT = iphoneos;
				SWIFT_ACTIVE_COMPILATION_CONDITIONS = "DEBUG $(inherited)";
				SWIFT_OPTIMIZATION_LEVEL = "-Onone";
			};
			name = Debug;
		};
		9703218B2E16014500313C2E /* Release */ = {
			isa = XCBuildConfiguration;
			buildSettings = {
				ALWAYS_SEARCH_USER_PATHS = NO;
				ASSETCATALOG_COMPILER_GENERATE_SWIFT_ASSET_SYMBOL_EXTENSIONS = YES;
				CLANG_ANALYZER_NONNULL = YES;
				CLANG_ANALYZER_NUMBER_OBJECT_CONVERSION = YES_AGGRESSIVE;
				CLANG_CXX_LANGUAGE_STANDARD = "gnu++20";
				CLANG_ENABLE_MODULES = YES;
				CLANG_ENABLE_OBJC_ARC = YES;
				CLANG_ENABLE_OBJC_WEAK = YES;
				CLANG_WARN_BLOCK_CAPTURE_AUTORELEASING = YES;
				CLANG_WARN_BOOL_CONVERSION = YES;
				CLANG_WARN_COMMA = YES;
				CLANG_WARN_CONSTANT_CONVERSION = YES;
				CLANG_WARN_DEPRECATED_OBJC_IMPLEMENTATIONS = YES;
				CLANG_WARN_DIRECT_OBJC_ISA_USAGE = YES_ERROR;
				CLANG_WARN_DOCUMENTATION_COMMENTS = YES;
				CLANG_WARN_EMPTY_BODY = YES;
				CLANG_WARN_ENUM_CONVERSION = YES;
				CLANG_WARN_INFINITE_RECURSION = YES;
				CLANG_WARN_INT_CONVERSION = YES;
				CLANG_WARN_NON_LITERAL_NULL_CONVERSION = YES;
				CLANG_WARN_OBJC_IMPLICIT_RETAIN_SELF = YES;
				CLANG_WARN_OBJC_LITERAL_CONVERSION = YES;
				CLANG_WARN_OBJC_ROOT_CLASS = YES_ERROR;
				CLANG_WARN_QUOTED_INCLUDE_IN_FRAMEWORK_HEADER = YES;
				CLANG_WARN_RANGE_LOOP_ANALYSIS = YES;
				CLANG_WARN_STRICT_PROTOTYPES = YES;
				CLANG_WARN_SUSPICIOUS_MOVE = YES;
				CLANG_WARN_UNGUARDED_AVAILABILITY = YES_AGGRESSIVE;
				CLANG_WARN_UNREACHABLE_CODE = YES;
				CLANG_WARN__DUPLICATE_METHOD_MATCH = YES;
				COPY_PHASE_STRIP = NO;
				DEBUG_INFORMATION_FORMAT = "dwarf-with-dsym";
				ENABLE_NS_ASSERTIONS = NO;
				ENABLE_STRICT_OBJC_MSGSEND = YES;
				ENABLE_USER_SCRIPT_SANDBOXING = YES;
				GCC_C_LANGUAGE_STANDARD = gnu17;
				GCC_NO_COMMON_BLOCKS = YES;
				GCC_WARN_64_TO_32_BIT_CONVERSION = YES;
				GCC_WARN_ABOUT_RETURN_TYPE = YES_ERROR;
				GCC_WARN_UNDECLARED_SELECTOR = YES;
				GCC_WARN_UNINITIALIZED_AUTOS = YES_AGGRESSIVE;
				GCC_WARN_UNUSED_FUNCTION = YES;
				GCC_WARN_UNUSED_VARIABLE = YES;
				IPHONEOS_DEPLOYMENT_TARGET = 18.0;
				LOCALIZATION_PREFERS_STRING_CATALOGS = YES;
				MTL_ENABLE_DEBUG_INFO = NO;
				MTL_FAST_MATH = YES;
				SDKROOT = iphoneos;
				SWIFT_COMPILATION_MODE = wholemodule;
				VALIDATE_PRODUCT = YES;
			};
			name = Release;
		};
		9703218D2E16014500313C2E /* Debug */ = {
			isa = XCBuildConfiguration;
			buildSettings = {
				ASSETCATALOG_COMPILER_APPICON_NAME = AppIcon;
				ASSETCATALOG_COMPILER_GLOBAL_ACCENT_COLOR_NAME = AccentColor;
				CLANG_ENABLE_MODULES = YES;
				CODE_SIGN_STYLE = Automatic;
				CURRENT_PROJECT_VERSION = 1;
				DEVELOPMENT_ASSET_PATHS = "\"frameworks-app/Preview Content\"";
				DEVELOPMENT_TEAM = R9UTK34T73;
				ENABLE_PREVIEWS = YES;
				GENERATE_INFOPLIST_FILE = YES;
				INFOPLIST_KEY_UIApplicationSceneManifest_Generation = YES;
				INFOPLIST_KEY_UIApplicationSupportsIndirectInputEvents = YES;
				INFOPLIST_KEY_UILaunchScreen_Generation = YES;
				INFOPLIST_KEY_UISupportedInterfaceOrientations_iPad = "UIInterfaceOrientationPortrait UIInterfaceOrientationPortraitUpsideDown UIInterfaceOrientationLandscapeLeft UIInterfaceOrientationLandscapeRight";
				INFOPLIST_KEY_UISupportedInterfaceOrientations_iPhone = "UIInterfaceOrientationPortrait UIInterfaceOrientationLandscapeLeft UIInterfaceOrientationLandscapeRight";
				LD_RUNPATH_SEARCH_PATHS = (
					"$(inherited)",
					"@executable_path/Frameworks",
				);
				MARKETING_VERSION = 1.0;
				PRODUCT_BUNDLE_IDENTIFIER = "dev.amjed.frameworks-app";
				PRODUCT_NAME = "$(TARGET_NAME)";
				SWIFT_EMIT_LOC_STRINGS = YES;
				SWIFT_OPTIMIZATION_LEVEL = "-Onone";
				SWIFT_VERSION = 5.0;
				TARGETED_DEVICE_FAMILY = "1,2";
			};
			name = Debug;
		};
		9703218E2E16014500313C2E /* Release */ = {
			isa = XCBuildConfiguration;
			buildSettings = {
				ASSETCATALOG_COMPILER_APPICON_NAME = AppIcon;
				ASSETCATALOG_COMPILER_GLOBAL_ACCENT_COLOR_NAME = AccentColor;
				CLANG_ENABLE_MODULES = YES;
				CODE_SIGN_STYLE = Automatic;
				CURRENT_PROJECT_VERSION = 1;
				DEVELOPMENT_ASSET_PATHS = "\"frameworks-app/Preview Content\"";
				DEVELOPMENT_TEAM = R9UTK34T73;
				ENABLE_PREVIEWS = YES;
				GENERATE_INFOPLIST_FILE = YES;
				INFOPLIST_KEY_UIApplicationSceneManifest_Generation = YES;
				INFOPLIST_KEY_UIApplicationSupportsIndirectInputEvents = YES;
				INFOPLIST_KEY_UILaunchScreen_Generation = YES;
				INFOPLIST_KEY_UISupportedInterfaceOrientations_iPad = "UIInterfaceOrientationPortrait UIInterfaceOrientationPortraitUpsideDown UIInterfaceOrientationLandscapeLeft UIInterfaceOrientationLandscapeRight";
				INFOPLIST_KEY_UISupportedInterfaceOrientations_iPhone = "UIInterfaceOrientationPortrait UIInterfaceOrientationLandscapeLeft UIInterfaceOrientationLandscapeRight";
				LD_RUNPATH_SEARCH_PATHS = (
					"$(inherited)",
					"@executable_path/Frameworks",
				);
				MARKETING_VERSION = 1.0;
				PRODUCT_BUNDLE_IDENTIFIER = "dev.amjed.frameworks-app";
				PRODUCT_NAME = "$(TARGET_NAME)";
				SWIFT_EMIT_LOC_STRINGS = YES;
				SWIFT_VERSION = 5.0;
				TARGETED_DEVICE_FAMILY = "1,2";
			};
			name = Release;
		};
/* End XCBuildConfiguration section */

/* Begin XCConfigurationList section */
		970321792E16014400313C2E /* Build configuration list for PBXProject "frameworks-app" */ = {
			isa = XCConfigurationList;
			buildConfigurations = (
				9703218A2E16014500313C2E /* Debug */,
				9703218B2E16014500313C2E /* Release */,
			);
			defaultConfigurationIsVisible = 0;
			defaultConfigurationName = Release;
		};
		9703218C2E16014500313C2E /* Build configuration list for PBXNativeTarget "frameworks-app" */ = {
			isa = XCConfigurationList;
			buildConfigurations = (
				9703218D2E16014500313C2E /* Debug */,
				9703218E2E16014500313C2E /* Release */,
			);
			defaultConfigurationIsVisible = 0;
			defaultConfigurationName = Release;
		};
/* End XCConfigurationList section */
	};
	rootObject = 970321762E16014400313C2E /* Project object */;
}
